{
  "originHash" : "03c44ba71693e9db27332c63cd8fe23f0945fc1698d3ebfb090c527bec6d991c",
  "pins" : [
    {
      "identity" : "cosmos",
      "kind" : "remoteSourceControl",
      "location" : "https://github.com/evgenyneu/Cosmos.git",
      "state" : {
        "revision" : "40ba10aaf175bf50abefd0e518bd3b40862af3b1",
        "version" : "25.0.1"
      }
    },
    {
      "identity" : "kingfisher",
      "kind" : "remoteSourceControl",
      "location" : "https://github.com/onevcat/Kingfisher.git",
      "state" : {
        "revision" : "7deda23bbdca612076c5c315003d8638a08ed0f1",
        "version" : "8.3.2"
      }
    },
    {
      "identity" : "reachability.swift",
      "kind" : "remoteSourceControl",
      "location" : "https://github.com/ashleymills/Reachability.swift.git",
      "state" : {
        "branch" : "master",
        "revision" : "21d1dc412cfecbe6e34f1f4c4eb88d3f912654a6"
      }
    },
    {
      "identity" : "shimmerswift",
      "kind" : "remoteSourceControl",
      "location" : "https://github.com/BeauNouvelle/ShimmerSwift.git",
      "state" : {
        "revision" : "f1a4366f74329c313e9528bcbe5286eacc750c05",
        "version" : "2.2.0"
      }
    }
  ],
  "version" : 3
}
